
Microsoft Visual Studio Solution File, Format Version 12.00
# Visual Studio 15
Project("{FAE04EC0-301F-11D3-BF4B-00C04F79EFBC}") = "UnityEngine.UI", "UnityEngine.UI.csproj", "{BC9646D3-AB63-8634-50A6-F17E957B4DAA}"
EndProject
Project("{FAE04EC0-301F-11D3-BF4B-00C04F79EFBC}") = "Assembly-CSharp", "Assembly-CSharp.csproj", "{AEE5AD48-A49E-08C4-6784-A1B407F93E09}"
EndProject
Project("{FAE04EC0-301F-11D3-BF4B-00C04F79EFBC}") = "UnityEditor.UI", "UnityEditor.UI.csproj", "{9D41CB42-FCE6-B132-207E-CFCFED29E515}"
EndProject
Global
	GlobalSection(SolutionConfigurationPlatforms) = preSolution
		Debug|Any CPU = Debug|Any CPU
		Release|Any CPU = Release|Any CPU
	EndGlobalSection
	GlobalSection(ProjectConfigurationPlatforms) = postSolution
		{BC9646D3-AB63-8634-50A6-F17E957B4DAA}.Debug|Any CPU.ActiveCfg = Debug|Any CPU
		{BC9646D3-AB63-8634-50A6-F17E957B4DAA}.Debug|Any CPU.Build.0 = Debug|Any CPU
		{BC9646D3-AB63-8634-50A6-F17E957B4DAA}.Release|Any CPU.ActiveCfg = Release|Any CPU
		{BC9646D3-AB63-8634-50A6-F17E957B4DAA}.Release|Any CPU.Build.0 = Release|Any CPU
		{AEE5AD48-A49E-08C4-6784-A1B407F93E09}.Debug|Any CPU.ActiveCfg = Debug|Any CPU
		{AEE5AD48-A49E-08C4-6784-A1B407F93E09}.Debug|Any CPU.Build.0 = Debug|Any CPU
		{AEE5AD48-A49E-08C4-6784-A1B407F93E09}.Release|Any CPU.ActiveCfg = Release|Any CPU
		{AEE5AD48-A49E-08C4-6784-A1B407F93E09}.Release|Any CPU.Build.0 = Release|Any CPU
		{9D41CB42-FCE6-B132-207E-CFCFED29E515}.Debug|Any CPU.ActiveCfg = Debug|Any CPU
		{9D41CB42-FCE6-B132-207E-CFCFED29E515}.Debug|Any CPU.Build.0 = Debug|Any CPU
		{9D41CB42-FCE6-B132-207E-CFCFED29E515}.Release|Any CPU.ActiveCfg = Release|Any CPU
		{9D41CB42-FCE6-B132-207E-CFCFED29E515}.Release|Any CPU.Build.0 = Release|Any CPU
	EndGlobalSection
	GlobalSection(SolutionProperties) = preSolution
		HideSolutionNode = FALSE
	EndGlobalSection
EndGlobal
